# THIS IS AN AUTOGENERATED FILE. DO NOT EDIT THIS FILE DIRECTLY.
# yarn lockfile v1


"mutation-summary@https://github.com/usercast/mutation-summary":
  version "1.0.0"
  resolved "https://github.com/usercast/mutation-summary#7808ffd9d7583a1f09fba0603a23805e1ce99ffa"

"tree-mirror@https://github.com/usercast/tree-mirror":
  version "1.0.0"
  resolved "https://github.com/usercast/tree-mirror#93a0c04576c34d3555148ce668823d8fa3839ba5"
  dependencies:
    mutation-summary "https://github.com/usercast/mutation-summary"
